
Microsoft Visual Studio Solution File, Format Version 12.00
# Visual Studio Version 16
VisualStudioVersion = 16.0.34601.136
MinimumVisualStudioVersion = 10.0.40219.1
Project("{8BC9CEB8-8B4A-11D0-8D11-00A0C91BC942}") = "Recursive-Escape-From-Maze-App", "Recursive-Escape-From-Maze-App\Recursive-Escape-From-Maze-App.vcxproj", "{FCCEF97D-3198-47A7-935C-E325DC967F69}"
EndProject
Global
	GlobalSection(SolutionConfigurationPlatforms) = preSolution
		Debug|x64 = Debug|x64
		Debug|x86 = Debug|x86
		Release|x64 = Release|x64
		Release|x86 = Release|x86
	EndGlobalSection
	GlobalSection(ProjectConfigurationPlatforms) = postSolution
		{FCCEF97D-3198-47A7-935C-E325DC967F69}.Debug|x64.ActiveCfg = Debug|x64
		{FCCEF97D-3198-47A7-935C-E325DC967F69}.Debug|x64.Build.0 = Debug|x64
		{FCCEF97D-3198-47A7-935C-E325DC967F69}.Debug|x86.ActiveCfg = Debug|Win32
		{FCCEF97D-3198-47A7-935C-E325DC967F69}.Debug|x86.Build.0 = Debug|Win32
		{FCCEF97D-3198-47A7-935C-E325DC967F69}.Release|x64.ActiveCfg = Release|x64
		{FCCEF97D-3198-47A7-935C-E325DC967F69}.Release|x64.Build.0 = Release|x64
		{FCCEF97D-3198-47A7-935C-E325DC967F69}.Release|x86.ActiveCfg = Release|Win32
		{FCCEF97D-3198-47A7-935C-E325DC967F69}.Release|x86.Build.0 = Release|Win32
	EndGlobalSection
	GlobalSection(SolutionProperties) = preSolution
		HideSolutionNode = FALSE
	EndGlobalSection
	GlobalSection(ExtensibilityGlobals) = postSolution
		SolutionGuid = {79B2A0C0-0E1C-4F09-814E-CBB499153494}
	EndGlobalSection
EndGlobal
